
Microsoft Visual Studio Solution File, Format Version 12.00
# Visual Studio Version 16
VisualStudioVersion = 16.0.31515.178
MinimumVisualStudioVersion = 10.0.40219.1
Project("{9A19103F-16F7-4668-BE54-9A1E7A4F7556}") = "Tp3MVC", "Tp3MVC\Tp3MVC.csproj", "{D8B1A2F4-FAD7-40B8-A890-278B83BB0CD6}"
EndProject
Project("{2150E333-8FDC-42A3-9474-1A3956D46DE8}") = "01-Presentation", "01-Presentation", "{325AE323-885E-4D4A-BF1A-C28236D43B28}"
EndProject
Project("{2150E333-8FDC-42A3-9474-1A3956D46DE8}") = "02-WebAPI", "02-WebAPI", "{69B3FD23-903F-41E9-B376-B926BDC180CD}"
EndProject
Project("{2150E333-8FDC-42A3-9474-1A3956D46DE8}") = "03-Domain", "03-Domain", "{DFE0D384-C78C-49A2-8EF6-286F74B138D4}"
EndProject
Project("{2150E333-8FDC-42A3-9474-1A3956D46DE8}") = "04-Data", "04-Data", "{DAC5B08B-4D97-426A-B48A-EF87E0512E21}"
EndProject
Project("{9A19103F-16F7-4668-BE54-9A1E7A4F7556}") = "Domain.Models", "Services.Models\Domain.Models.csproj", "{12C01025-2F5F-46CB-B6BC-070D61862C4E}"
EndProject
Project("{9A19103F-16F7-4668-BE54-9A1E7A4F7556}") = "Domain.Services", "Domain.Services\Domain.Services.csproj", "{6A9930A1-E5D4-492F-915D-046DF57AB269}"
EndProject
Project("{9A19103F-16F7-4668-BE54-9A1E7A4F7556}") = "Crosscutting", "CrossCutting\Crosscutting.csproj", "{DC67B741-8B94-446F-9C82-E46DA14E415A}"
EndProject
Project("{9A19103F-16F7-4668-BE54-9A1E7A4F7556}") = "Data", "Data\Data.csproj", "{F0943E50-2368-454A-9BCA-7D78A91C0A97}"
EndProject
Project("{FAE04EC0-301F-11D3-BF4B-00C04F79EFBC}") = "Tp3MVC-API", "Tp3MVC-API\Tp3MVC-API.csproj", "{36259C56-A921-4B91-AA77-A992D85A4514}"
EndProject
Global
	GlobalSection(SolutionConfigurationPlatforms) = preSolution
		Debug|Any CPU = Debug|Any CPU
		Release|Any CPU = Release|Any CPU
	EndGlobalSection
	GlobalSection(ProjectConfigurationPlatforms) = postSolution
		{D8B1A2F4-FAD7-40B8-A890-278B83BB0CD6}.Debug|Any CPU.ActiveCfg = Debug|Any CPU
		{D8B1A2F4-FAD7-40B8-A890-278B83BB0CD6}.Debug|Any CPU.Build.0 = Debug|Any CPU
		{D8B1A2F4-FAD7-40B8-A890-278B83BB0CD6}.Release|Any CPU.ActiveCfg = Release|Any CPU
		{D8B1A2F4-FAD7-40B8-A890-278B83BB0CD6}.Release|Any CPU.Build.0 = Release|Any CPU
		{12C01025-2F5F-46CB-B6BC-070D61862C4E}.Debug|Any CPU.ActiveCfg = Debug|Any CPU
		{12C01025-2F5F-46CB-B6BC-070D61862C4E}.Debug|Any CPU.Build.0 = Debug|Any CPU
		{12C01025-2F5F-46CB-B6BC-070D61862C4E}.Release|Any CPU.ActiveCfg = Release|Any CPU
		{12C01025-2F5F-46CB-B6BC-070D61862C4E}.Release|Any CPU.Build.0 = Release|Any CPU
		{6A9930A1-E5D4-492F-915D-046DF57AB269}.Debug|Any CPU.ActiveCfg = Debug|Any CPU
		{6A9930A1-E5D4-492F-915D-046DF57AB269}.Debug|Any CPU.Build.0 = Debug|Any CPU
		{6A9930A1-E5D4-492F-915D-046DF57AB269}.Release|Any CPU.ActiveCfg = Release|Any CPU
		{6A9930A1-E5D4-492F-915D-046DF57AB269}.Release|Any CPU.Build.0 = Release|Any CPU
		{DC67B741-8B94-446F-9C82-E46DA14E415A}.Debug|Any CPU.ActiveCfg = Debug|Any CPU
		{DC67B741-8B94-446F-9C82-E46DA14E415A}.Debug|Any CPU.Build.0 = Debug|Any CPU
		{DC67B741-8B94-446F-9C82-E46DA14E415A}.Release|Any CPU.ActiveCfg = Release|Any CPU
		{DC67B741-8B94-446F-9C82-E46DA14E415A}.Release|Any CPU.Build.0 = Release|Any CPU
		{F0943E50-2368-454A-9BCA-7D78A91C0A97}.Debug|Any CPU.ActiveCfg = Debug|Any CPU
		{F0943E50-2368-454A-9BCA-7D78A91C0A97}.Debug|Any CPU.Build.0 = Debug|Any CPU
		{F0943E50-2368-454A-9BCA-7D78A91C0A97}.Release|Any CPU.ActiveCfg = Release|Any CPU
		{F0943E50-2368-454A-9BCA-7D78A91C0A97}.Release|Any CPU.Build.0 = Release|Any CPU
		{36259C56-A921-4B91-AA77-A992D85A4514}.Debug|Any CPU.ActiveCfg = Debug|Any CPU
		{36259C56-A921-4B91-AA77-A992D85A4514}.Debug|Any CPU.Build.0 = Debug|Any CPU
		{36259C56-A921-4B91-AA77-A992D85A4514}.Release|Any CPU.ActiveCfg = Release|Any CPU
		{36259C56-A921-4B91-AA77-A992D85A4514}.Release|Any CPU.Build.0 = Release|Any CPU
	EndGlobalSection
	GlobalSection(SolutionProperties) = preSolution
		HideSolutionNode = FALSE
	EndGlobalSection
	GlobalSection(NestedProjects) = preSolution
		{D8B1A2F4-FAD7-40B8-A890-278B83BB0CD6} = {325AE323-885E-4D4A-BF1A-C28236D43B28}
		{12C01025-2F5F-46CB-B6BC-070D61862C4E} = {DFE0D384-C78C-49A2-8EF6-286F74B138D4}
		{6A9930A1-E5D4-492F-915D-046DF57AB269} = {DFE0D384-C78C-49A2-8EF6-286F74B138D4}
		{DC67B741-8B94-446F-9C82-E46DA14E415A} = {DAC5B08B-4D97-426A-B48A-EF87E0512E21}
		{F0943E50-2368-454A-9BCA-7D78A91C0A97} = {DAC5B08B-4D97-426A-B48A-EF87E0512E21}
		{36259C56-A921-4B91-AA77-A992D85A4514} = {69B3FD23-903F-41E9-B376-B926BDC180CD}
	EndGlobalSection
	GlobalSection(ExtensibilityGlobals) = postSolution
		SolutionGuid = {B8106045-61B8-4806-9121-682DDE27112A}
	EndGlobalSection
EndGlobal
